# This file is machine-generated by `gh actions-lock`.
# Do not edit by hand; run `gh actions-lock` to update.
# Docs: https://gh.io/actions-lockfile
version: 'v0.0.2'
workflows:
    '.github/workflows/release.yml':
        - 'actions/checkout@v4.4.0'
        - 'actions/setup-go@v5.6.0'
        - 'goreleaser/goreleaser-action@v6.4.0'
dependencies:
    'actions/checkout@v4.4.0':
        ref: 'v4.4.0'
        commit: 'sha1-11d5960a326750d5838078e36cf38b85af677262'
        owner_id: 44036562
        repo_id: 197814629
    'actions/setup-go@v5.6.0':
        ref: 'v5.6.0'
        commit: 'sha1-40f1582b2485089dde7abd97c1529aa768e1baff'
        owner_id: 44036562
        repo_id: 192624594
    'goreleaser/goreleaser-action@v6.4.0':
        ref: 'v6.4.0'
        commit: 'sha1-e435ccd777264be153ace6237001ef4d979d3a7a'
        owner_id: 24697112
        repo_id: 209873006
